{
  "name": "spaceinyourface",
  "requires": true,
  "lockfileVersion": 1,
  "dependencies": {
    "local-time": {
      "version": "2.1.0",
      "resolved": "https://registry.npmjs.org/local-time/-/local-time-2.1.0.tgz",
      "integrity": "sha512-4rB/8EkJIZ8O8Y5q536fSsRbzXOI0cL30l3ZKm4ISPC4D8jYOhRp/MpAaGKAYUvVIqkojT0c7kJk0RlnwtlR2w=="
    }
  }
}
